// !$*UTF8*$!
{
	archiveVersion = 1;
	classes = {
	};
	objectVersion = 56;
	objects = {

/* Begin PBXBuildFile section */
		1556BBCA29CF3F8F00A77BC5 /* Montserrat-Black.ttf in Resources */ = {isa = PBXBuildFile; fileRef = 1556BBC929CF3F8E00A77BC5 /* Montserrat-Black.ttf */; };
		156D6A4229CFD1920045F194 /* ImageCell.swift in Sources */ = {isa = PBXBuildFile; fileRef = 156D6A4129CFD1920045F194 /* ImageCell.swift */; };
		156D6A4529CFFC0F0045F194 /* SignUpView.swift in Sources */ = {isa = PBXBuildFile; fileRef = 156D6A4329CFFC0F0045F194 /* SignUpView.swift */; };
		156D6A4629CFFC0F0045F194 /* LoginView.swift in Sources */ = {isa = PBXBuildFile; fileRef = 156D6A4429CFFC0F0045F194 /* LoginView.swift */; };
		156D6A4A29D00EDB0045F194 /* ImagePicker.swift in Sources */ = {isa = PBXBuildFile; fileRef = 156D6A4929D00EDA0045F194 /* ImagePicker.swift */; };
		159E5B3729CEA1CE006898CC /* EMTestTaskVenera_kApp.swift in Sources */ = {isa = PBXBuildFile; fileRef = 159E5B3629CEA1CE006898CC /* EMTestTaskVenera_kApp.swift */; };
		159E5B3929CEA1CE006898CC /* ContentView.swift in Sources */ = {isa = PBXBuildFile; fileRef = 159E5B3829CEA1CE006898CC /* ContentView.swift */; };
		159E5B3B29CEA1D0006898CC /* Assets.xcassets in Resources */ = {isa = PBXBuildFile; fileRef = 159E5B3A29CEA1D0006898CC /* Assets.xcassets */; };
		159E5B3E29CEA1D0006898CC /* Preview Assets.xcassets in Resources */ = {isa = PBXBuildFile; fileRef = 159E5B3D29CEA1D0006898CC /* Preview Assets.xcassets */; };
		159E5B4A29CEA2B6006898CC /* LatestView.swift in Sources */ = {isa = PBXBuildFile; fileRef = 159E5B4929CEA2B6006898CC /* LatestView.swift */; };
		159E5B4E29CEA367006898CC /* APICaller.swift in Sources */ = {isa = PBXBuildFile; fileRef = 159E5B4D29CEA367006898CC /* APICaller.swift */; };
		159E5B5029CEA36B006898CC /* ProductModel.swift in Sources */ = {isa = PBXBuildFile; fileRef = 159E5B4F29CEA36B006898CC /* ProductModel.swift */; };
		159E5B5429CEA3A9006898CC /* ProductViewModel.swift in Sources */ = {isa = PBXBuildFile; fileRef = 159E5B5329CEA3A9006898CC /* ProductViewModel.swift */; };
		159E5B5629CEB92F006898CC /* UniversalGoodCell.swift in Sources */ = {isa = PBXBuildFile; fileRef = 159E5B5529CEB92F006898CC /* UniversalGoodCell.swift */; };
		159E5B5829CEBD82006898CC /* FlashSaleView.swift in Sources */ = {isa = PBXBuildFile; fileRef = 159E5B5729CEBD82006898CC /* FlashSaleView.swift */; };
		159E5B5A29CEBE32006898CC /* Page1View.swift in Sources */ = {isa = PBXBuildFile; fileRef = 159E5B5929CEBE32006898CC /* Page1View.swift */; };
		159E5B5C29CEC628006898CC /* testView.swift in Sources */ = {isa = PBXBuildFile; fileRef = 159E5B5B29CEC628006898CC /* testView.swift */; };
		159E5B5E29CEDB43006898CC /* TypeBar.swift in Sources */ = {isa = PBXBuildFile; fileRef = 159E5B5D29CEDB43006898CC /* TypeBar.swift */; };
		159E5B6329CEE8AD006898CC /* SearchBar.swift in Sources */ = {isa = PBXBuildFile; fileRef = 159E5B6229CEE8AD006898CC /* SearchBar.swift */; };
		159E5B6529CEEBCD006898CC /* TopBar.swift in Sources */ = {isa = PBXBuildFile; fileRef = 159E5B6429CEEBCD006898CC /* TopBar.swift */; };
		159E5B6729CEF1BA006898CC /* Page2View.swift in Sources */ = {isa = PBXBuildFile; fileRef = 159E5B6629CEF1BA006898CC /* Page2View.swift */; };
		159E5B6929CEF23D006898CC /* ProfileView.swift in Sources */ = {isa = PBXBuildFile; fileRef = 159E5B6829CEF23D006898CC /* ProfileView.swift */; };
		159E5B6B29CEF3B8006898CC /* ProfileHelperView.swift in Sources */ = {isa = PBXBuildFile; fileRef = 159E5B6A29CEF3B8006898CC /* ProfileHelperView.swift */; };
		159E5B7229CF06EF006898CC /* Font.swift in Sources */ = {isa = PBXBuildFile; fileRef = 159E5B7129CF06EF006898CC /* Font.swift */; };
		15CF695F29CF2A070041D0D9 /* Montserrat-SemiBold.ttf in Resources */ = {isa = PBXBuildFile; fileRef = 15CF695E29CF2A050041D0D9 /* Montserrat-SemiBold.ttf */; };
		15CF696129CF2A0D0041D0D9 /* Montserrat-Bold.ttf in Resources */ = {isa = PBXBuildFile; fileRef = 15CF696029CF2A0A0041D0D9 /* Montserrat-Bold.ttf */; };
		15CF696329CF2A120041D0D9 /* Montserrat-Medium.ttf in Resources */ = {isa = PBXBuildFile; fileRef = 15CF696229CF2A100041D0D9 /* Montserrat-Medium.ttf */; };
		15CF696529CF2A180041D0D9 /* Montserrat-Regular.ttf in Resources */ = {isa = PBXBuildFile; fileRef = 15CF696429CF2A140041D0D9 /* Montserrat-Regular.ttf */; };
/* End PBXBuildFile section */

/* Begin PBXFileReference section */
		1556BBC929CF3F8E00A77BC5 /* Montserrat-Black.ttf */ = {isa = PBXFileReference; lastKnownFileType = file; path = "Montserrat-Black.ttf"; sourceTree = "<group>"; };
		156D6A4129CFD1920045F194 /* ImageCell.swift */ = {isa = PBXFileReference; lastKnownFileType = sourcecode.swift; name = ImageCell.swift; path = EMTestTaskVenera_k/ImageCell.swift; sourceTree = SOURCE_ROOT; };
		156D6A4329CFFC0F0045F194 /* SignUpView.swift */ = {isa = PBXFileReference; fileEncoding = 4; lastKnownFileType = sourcecode.swift; path = SignUpView.swift; sourceTree = "<group>"; };
		156D6A4429CFFC0F0045F194 /* LoginView.swift */ = {isa = PBXFileReference; fileEncoding = 4; lastKnownFileType = sourcecode.swift; path = LoginView.swift; sourceTree = "<group>"; };
		156D6A4929D00EDA0045F194 /* ImagePicker.swift */ = {isa = PBXFileReference; lastKnownFileType = sourcecode.swift; path = ImagePicker.swift; sourceTree = "<group>"; };
		159E5B3329CEA1CE006898CC /* EMTestTaskVenera_k.app */ = {isa = PBXFileReference; explicitFileType = wrapper.application; includeInIndex = 0; path = EMTestTaskVenera_k.app; sourceTree = BUILT_PRODUCTS_DIR; };
		159E5B3629CEA1CE006898CC /* EMTestTaskVenera_kApp.swift */ = {isa = PBXFileReference; lastKnownFileType = sourcecode.swift; path = EMTestTaskVenera_kApp.swift; sourceTree = "<group>"; };
		159E5B3829CEA1CE006898CC /* ContentView.swift */ = {isa = PBXFileReference; lastKnownFileType = sourcecode.swift; path = ContentView.swift; sourceTree = "<group>"; };
		159E5B3A29CEA1D0006898CC /* Assets.xcassets */ = {isa = PBXFileReference; lastKnownFileType = folder.assetcatalog; path = Assets.xcassets; sourceTree = "<group>"; };
		159E5B3D29CEA1D0006898CC /* Preview Assets.xcassets */ = {isa = PBXFileReference; lastKnownFileType = folder.assetcatalog; path = "Preview Assets.xcassets"; sourceTree = "<group>"; };
		159E5B4929CEA2B6006898CC /* LatestView.swift */ = {isa = PBXFileReference; lastKnownFileType = sourcecode.swift; path = LatestView.swift; sourceTree = "<group>"; };
		159E5B4D29CEA367006898CC /* APICaller.swift */ = {isa = PBXFileReference; fileEncoding = 4; lastKnownFileType = sourcecode.swift; path = APICaller.swift; sourceTree = "<group>"; };
		159E5B4F29CEA36B006898CC /* ProductModel.swift */ = {isa = PBXFileReference; fileEncoding = 4; lastKnownFileType = sourcecode.swift; path = ProductModel.swift; sourceTree = "<group>"; };
		159E5B5329CEA3A9006898CC /* ProductViewModel.swift */ = {isa = PBXFileReference; fileEncoding = 4; lastKnownFileType = sourcecode.swift; name = ProductViewModel.swift; path = ../../../testTaskVenera_kp/testTaskVenera_kp/ViewModel/ProductViewModel.swift; sourceTree = "<group>"; };
		159E5B5529CEB92F006898CC /* UniversalGoodCell.swift */ = {isa = PBXFileReference; lastKnownFileType = sourcecode.swift; path = UniversalGoodCell.swift; sourceTree = "<group>"; };
		159E5B5729CEBD82006898CC /* FlashSaleView.swift */ = {isa = PBXFileReference; lastKnownFileType = sourcecode.swift; path = FlashSaleView.swift; sourceTree = "<group>"; };
		159E5B5929CEBE32006898CC /* Page1View.swift */ = {isa = PBXFileReference; lastKnownFileType = sourcecode.swift; path = Page1View.swift; sourceTree = "<group>"; };
		159E5B5B29CEC628006898CC /* testView.swift */ = {isa = PBXFileReference; lastKnownFileType = sourcecode.swift; path = testView.swift; sourceTree = "<group>"; };
		159E5B5D29CEDB43006898CC /* TypeBar.swift */ = {isa = PBXFileReference; lastKnownFileType = sourcecode.swift; path = TypeBar.swift; sourceTree = "<group>"; };
		159E5B6229CEE8AD006898CC /* SearchBar.swift */ = {isa = PBXFileReference; lastKnownFileType = sourcecode.swift; path = SearchBar.swift; sourceTree = "<group>"; };
		159E5B6429CEEBCD006898CC /* TopBar.swift */ = {isa = PBXFileReference; lastKnownFileType = sourcecode.swift; path = TopBar.swift; sourceTree = "<group>"; };
		159E5B6629CEF1BA006898CC /* Page2View.swift */ = {isa = PBXFileReference; lastKnownFileType = sourcecode.swift; path = Page2View.swift; sourceTree = "<group>"; };
		159E5B6829CEF23D006898CC /* ProfileView.swift */ = {isa = PBXFileReference; lastKnownFileType = sourcecode.swift; path = ProfileView.swift; sourceTree = "<group>"; };
		159E5B6A29CEF3B8006898CC /* ProfileHelperView.swift */ = {isa = PBXFileReference; lastKnownFileType = sourcecode.swift; path = ProfileHelperView.swift; sourceTree = "<group>"; };
		159E5B7129CF06EF006898CC /* Font.swift */ = {isa = PBXFileReference; lastKnownFileType = sourcecode.swift; path = Font.swift; sourceTree = "<group>"; };
		159E5B7329CF1424006898CC /* EMTestTaskVenera-k-Info.plist */ = {isa = PBXFileReference; lastKnownFileType = text.plist; path = "EMTestTaskVenera-k-Info.plist"; sourceTree = SOURCE_ROOT; };
		15CF695E29CF2A050041D0D9 /* Montserrat-SemiBold.ttf */ = {isa = PBXFileReference; lastKnownFileType = file; path = "Montserrat-SemiBold.ttf"; sourceTree = "<group>"; };
		15CF696029CF2A0A0041D0D9 /* Montserrat-Bold.ttf */ = {isa = PBXFileReference; lastKnownFileType = file; path = "Montserrat-Bold.ttf"; sourceTree = "<group>"; };
		15CF696229CF2A100041D0D9 /* Montserrat-Medium.ttf */ = {isa = PBXFileReference; lastKnownFileType = file; path = "Montserrat-Medium.ttf"; sourceTree = "<group>"; };
		15CF696429CF2A140041D0D9 /* Montserrat-Regular.ttf */ = {isa = PBXFileReference; lastKnownFileType = file; path = "Montserrat-Regular.ttf"; sourceTree = "<group>"; };
/* End PBXFileReference section */

/* Begin PBXFrameworksBuildPhase section */
		159E5B3029CEA1CE006898CC /* Frameworks */ = {
			isa = PBXFrameworksBuildPhase;
			buildActionMask = 2147483647;
			files = (
			);
			runOnlyForDeploymentPostprocessing = 0;
		};
/* End PBXFrameworksBuildPhase section */

/* Begin PBXGroup section */
		159E5B2A29CEA1CE006898CC = {
			isa = PBXGroup;
			children = (
				1556BBC929CF3F8E00A77BC5 /* Montserrat-Black.ttf */,
				15CF695E29CF2A050041D0D9 /* Montserrat-SemiBold.ttf */,
				15CF696029CF2A0A0041D0D9 /* Montserrat-Bold.ttf */,
				15CF696229CF2A100041D0D9 /* Montserrat-Medium.ttf */,
				15CF696429CF2A140041D0D9 /* Montserrat-Regular.ttf */,
				159E5B3529CEA1CE006898CC /* EMTestTaskVenera_k */,
				159E5B3429CEA1CE006898CC /* Products */,
			);
			sourceTree = "<group>";
		};
		159E5B3429CEA1CE006898CC /* Products */ = {
			isa = PBXGroup;
			children = (
				159E5B3329CEA1CE006898CC /* EMTestTaskVenera_k.app */,
			);
			name = Products;
			sourceTree = "<group>";
		};
		159E5B3529CEA1CE006898CC /* EMTestTaskVenera_k */ = {
			isa = PBXGroup;
			children = (
				159E5B7329CF1424006898CC /* EMTestTaskVenera-k-Info.plist */,
				159E5B3629CEA1CE006898CC /* EMTestTaskVenera_kApp.swift */,
				159E5B5229CEA384006898CC /* VM */,
				159E5B5129CEA37D006898CC /* Model */,
				159E5B6129CEDB7D006898CC /* View */,
				159E5B5B29CEC628006898CC /* testView.swift */,
				159E5B3A29CEA1D0006898CC /* Assets.xcassets */,
				159E5B3C29CEA1D0006898CC /* Preview Content */,
			);
			path = EMTestTaskVenera_k;
			sourceTree = "<group>";
		};
		159E5B3C29CEA1D0006898CC /* Preview Content */ = {
			isa = PBXGroup;
			children = (
				159E5B3D29CEA1D0006898CC /* Preview Assets.xcassets */,
			);
			path = "Preview Content";
			sourceTree = "<group>";
		};
		159E5B5129CEA37D006898CC /* Model */ = {
			isa = PBXGroup;
			children = (
				159E5B7129CF06EF006898CC /* Font.swift */,
				159E5B4F29CEA36B006898CC /* ProductModel.swift */,
				159E5B4D29CEA367006898CC /* APICaller.swift */,
				156D6A4929D00EDA0045F194 /* ImagePicker.swift */,
			);
			path = Model;
			sourceTree = "<group>";
		};
		159E5B5229CEA384006898CC /* VM */ = {
			isa = PBXGroup;
			children = (
				159E5B5329CEA3A9006898CC /* ProductViewModel.swift */,
			);
			path = VM;
			sourceTree = "<group>";
		};
		159E5B5F29CEDB5E006898CC /* MainViews */ = {
			isa = PBXGroup;
			children = (
				159E5B7029CF0612006898CC /* Login */,
				159E5B3829CEA1CE006898CC /* ContentView.swift */,
				159E5B6829CEF23D006898CC /* ProfileView.swift */,
				159E5B5929CEBE32006898CC /* Page1View.swift */,
				159E5B6629CEF1BA006898CC /* Page2View.swift */,
			);
			path = MainViews;
			sourceTree = "<group>";
		};
		159E5B6029CEDB6D006898CC /* SubViews */ = {
			isa = PBXGroup;
			children = (
				156D6A4129CFD1920045F194 /* ImageCell.swift */,
				159E5B6429CEEBCD006898CC /* TopBar.swift */,
				159E5B6229CEE8AD006898CC /* SearchBar.swift */,
				159E5B5D29CEDB43006898CC /* TypeBar.swift */,
				159E5B4929CEA2B6006898CC /* LatestView.swift */,
				159E5B5729CEBD82006898CC /* FlashSaleView.swift */,
				159E5B5529CEB92F006898CC /* UniversalGoodCell.swift */,
				159E5B6A29CEF3B8006898CC /* ProfileHelperView.swift */,
			);
			path = SubViews;
			sourceTree = "<group>";
		};
		159E5B6129CEDB7D006898CC /* View */ = {
			isa = PBXGroup;
			children = (
				159E5B5F29CEDB5E006898CC /* MainViews */,
				159E5B6029CEDB6D006898CC /* SubViews */,
			);
			path = View;
			sourceTree = "<group>";
		};
		159E5B7029CF0612006898CC /* Login */ = {
			isa = PBXGroup;
			children = (
				156D6A4429CFFC0F0045F194 /* LoginView.swift */,
				156D6A4329CFFC0F0045F194 /* SignUpView.swift */,
			);
			path = Login;
			sourceTree = "<group>";
		};
/* End PBXGroup section */

/* Begin PBXNativeTarget section */
		159E5B3229CEA1CE006898CC /* EMTestTaskVenera_k */ = {
			isa = PBXNativeTarget;
			buildConfigurationList = 159E5B4129CEA1D0006898CC /* Build configuration list for PBXNativeTarget "EMTestTaskVenera_k" */;
			buildPhases = (
				159E5B2F29CEA1CE006898CC /* Sources */,
				159E5B3029CEA1CE006898CC /* Frameworks */,
				159E5B3129CEA1CE006898CC /* Resources */,
			);
			buildRules = (
			);
			dependencies = (
			);
			name = EMTestTaskVenera_k;
			productName = EMTestTaskVenera_k;
			productReference = 159E5B3329CEA1CE006898CC /* EMTestTaskVenera_k.app */;
			productType = "com.apple.product-type.application";
		};
/* End PBXNativeTarget section */

/* Begin PBXProject section */
		159E5B2B29CEA1CE006898CC /* Project object */ = {
			isa = PBXProject;
			attributes = {
				BuildIndependentTargetsInParallel = 1;
				LastSwiftUpdateCheck = 1410;
				LastUpgradeCheck = 1410;
				TargetAttributes = {
					159E5B3229CEA1CE006898CC = {
						CreatedOnToolsVersion = 14.1;
					};
				};
			};
			buildConfigurationList = 159E5B2E29CEA1CE006898CC /* Build configuration list for PBXProject "EMTestTaskVenera_k" */;
			compatibilityVersion = "Xcode 14.0";
			developmentRegion = en;
			hasScannedForEncodings = 0;
			knownRegions = (
				en,
				Base,
			);
			mainGroup = 159E5B2A29CEA1CE006898CC;
			productRefGroup = 159E5B3429CEA1CE006898CC /* Products */;
			projectDirPath = "";
			projectRoot = "";
			targets = (
				159E5B3229CEA1CE006898CC /* EMTestTaskVenera_k */,
			);
		};
/* End PBXProject section */

/* Begin PBXResourcesBuildPhase section */
		159E5B3129CEA1CE006898CC /* Resources */ = {
			isa = PBXResourcesBuildPhase;
			buildActionMask = 2147483647;
			files = (
				15CF696129CF2A0D0041D0D9 /* Montserrat-Bold.ttf in Resources */,
				1556BBCA29CF3F8F00A77BC5 /* Montserrat-Black.ttf in Resources */,
				15CF696529CF2A180041D0D9 /* Montserrat-Regular.ttf in Resources */,
				159E5B3E29CEA1D0006898CC /* Preview Assets.xcassets in Resources */,
				15CF695F29CF2A070041D0D9 /* Montserrat-SemiBold.ttf in Resources */,
				15CF696329CF2A120041D0D9 /* Montserrat-Medium.ttf in Resources */,
				159E5B3B29CEA1D0006898CC /* Assets.xcassets in Resources */,
			);
			runOnlyForDeploymentPostprocessing = 0;
		};
/* End PBXResourcesBuildPhase section */

/* Begin PBXSourcesBuildPhase section */
		159E5B2F29CEA1CE006898CC /* Sources */ = {
			isa = PBXSourcesBuildPhase;
			buildActionMask = 2147483647;
			files = (
				159E5B5A29CEBE32006898CC /* Page1View.swift in Sources */,
				159E5B3929CEA1CE006898CC /* ContentView.swift in Sources */,
				159E5B5029CEA36B006898CC /* ProductModel.swift in Sources */,
				156D6A4A29D00EDB0045F194 /* ImagePicker.swift in Sources */,
				159E5B5429CEA3A9006898CC /* ProductViewModel.swift in Sources */,
				159E5B7229CF06EF006898CC /* Font.swift in Sources */,
				156D6A4529CFFC0F0045F194 /* SignUpView.swift in Sources */,
				159E5B6529CEEBCD006898CC /* TopBar.swift in Sources */,
				159E5B6329CEE8AD006898CC /* SearchBar.swift in Sources */,
				159E5B6729CEF1BA006898CC /* Page2View.swift in Sources */,
				159E5B6929CEF23D006898CC /* ProfileView.swift in Sources */,
				159E5B5629CEB92F006898CC /* UniversalGoodCell.swift in Sources */,
				159E5B5829CEBD82006898CC /* FlashSaleView.swift in Sources */,
				156D6A4229CFD1920045F194 /* ImageCell.swift in Sources */,
				159E5B5E29CEDB43006898CC /* TypeBar.swift in Sources */,
				159E5B5C29CEC628006898CC /* testView.swift in Sources */,
				159E5B3729CEA1CE006898CC /* EMTestTaskVenera_kApp.swift in Sources */,
				159E5B4E29CEA367006898CC /* APICaller.swift in Sources */,
				159E5B6B29CEF3B8006898CC /* ProfileHelperView.swift in Sources */,
				156D6A4629CFFC0F0045F194 /* LoginView.swift in Sources */,
				159E5B4A29CEA2B6006898CC /* LatestView.swift in Sources */,
			);
			runOnlyForDeploymentPostprocessing = 0;
		};
/* End PBXSourcesBuildPhase section */

/* Begin XCBuildConfiguration section */
		159E5B3F29CEA1D0006898CC /* Debug */ = {
			isa = XCBuildConfiguration;
			buildSettings = {
				ALWAYS_SEARCH_USER_PATHS = NO;
				CLANG_ANALYZER_NONNULL = YES;
				CLANG_ANALYZER_NUMBER_OBJECT_CONVERSION = YES_AGGRESSIVE;
				CLANG_CXX_LANGUAGE_STANDARD = "gnu++20";
				CLANG_ENABLE_MODULES = YES;
				CLANG_ENABLE_OBJC_ARC = YES;
				CLANG_ENABLE_OBJC_WEAK = YES;
				CLANG_WARN_BLOCK_CAPTURE_AUTORELEASING = YES;
				CLANG_WARN_BOOL_CONVERSION = YES;
				CLANG_WARN_COMMA = YES;
				CLANG_WARN_CONSTANT_CONVERSION = YES;
				CLANG_WARN_DEPRECATED_OBJC_IMPLEMENTATIONS = YES;
				CLANG_WARN_DIRECT_OBJC_ISA_USAGE = YES_ERROR;
				CLANG_WARN_DOCUMENTATION_COMMENTS = YES;
				CLANG_WARN_EMPTY_BODY = YES;
				CLANG_WARN_ENUM_CONVERSION = YES;
				CLANG_WARN_INFINITE_RECURSION = YES;
				CLANG_WARN_INT_CONVERSION = YES;
				CLANG_WARN_NON_LITERAL_NULL_CONVERSION = YES;
				CLANG_WARN_OBJC_IMPLICIT_RETAIN_SELF = YES;
				CLANG_WARN_OBJC_LITERAL_CONVERSION = YES;
				CLANG_WARN_OBJC_ROOT_CLASS = YES_ERROR;
				CLANG_WARN_QUOTED_INCLUDE_IN_FRAMEWORK_HEADER = YES;
				CLANG_WARN_RANGE_LOOP_ANALYSIS = YES;
				CLANG_WARN_STRICT_PROTOTYPES = YES;
				CLANG_WARN_SUSPICIOUS_MOVE = YES;
				CLANG_WARN_UNGUARDED_AVAILABILITY = YES_AGGRESSIVE;
				CLANG_WARN_UNREACHABLE_CODE = YES;
				CLANG_WARN__DUPLICATE_METHOD_MATCH = YES;
				COPY_PHASE_STRIP = NO;
				DEBUG_INFORMATION_FORMAT = dwarf;
				ENABLE_STRICT_OBJC_MSGSEND = YES;
				ENABLE_TESTABILITY = YES;
				GCC_C_LANGUAGE_STANDARD = gnu11;
				GCC_DYNAMIC_NO_PIC = NO;
				GCC_NO_COMMON_BLOCKS = YES;
				GCC_OPTIMIZATION_LEVEL = 0;
				GCC_PREPROCESSOR_DEFINITIONS = (
					"DEBUG=1",
					"$(inherited)",
				);
				GCC_WARN_64_TO_32_BIT_CONVERSION = YES;
				GCC_WARN_ABOUT_RETURN_TYPE = YES_ERROR;
				GCC_WARN_UNDECLARED_SELECTOR = YES;
				GCC_WARN_UNINITIALIZED_AUTOS = YES_AGGRESSIVE;
				GCC_WARN_UNUSED_FUNCTION = YES;
				GCC_WARN_UNUSED_VARIABLE = YES;
				IPHONEOS_DEPLOYMENT_TARGET = 16.1;
				MTL_ENABLE_DEBUG_INFO = INCLUDE_SOURCE;
				MTL_FAST_MATH = YES;
				ONLY_ACTIVE_ARCH = YES;
				SDKROOT = iphoneos;
				SWIFT_ACTIVE_COMPILATION_CONDITIONS = DEBUG;
				SWIFT_OPTIMIZATION_LEVEL = "-Onone";
			};
			name = Debug;
		};
		159E5B4029CEA1D0006898CC /* Release */ = {
			isa = XCBuildConfiguration;
			buildSettings = {
				ALWAYS_SEARCH_USER_PATHS = NO;
				CLANG_ANALYZER_NONNULL = YES;
				CLANG_ANALYZER_NUMBER_OBJECT_CONVERSION = YES_AGGRESSIVE;
				CLANG_CXX_LANGUAGE_STANDARD = "gnu++20";
				CLANG_ENABLE_MODULES = YES;
				CLANG_ENABLE_OBJC_ARC = YES;
				CLANG_ENABLE_OBJC_WEAK = YES;
				CLANG_WARN_BLOCK_CAPTURE_AUTORELEASING = YES;
				CLANG_WARN_BOOL_CONVERSION = YES;
				CLANG_WARN_COMMA = YES;
				CLANG_WARN_CONSTANT_CONVERSION = YES;
				CLANG_WARN_DEPRECATED_OBJC_IMPLEMENTATIONS = YES;
				CLANG_WARN_DIRECT_OBJC_ISA_USAGE = YES_ERROR;
				CLANG_WARN_DOCUMENTATION_COMMENTS = YES;
				CLANG_WARN_EMPTY_BODY = YES;
				CLANG_WARN_ENUM_CONVERSION = YES;
				CLANG_WARN_INFINITE_RECURSION = YES;
				CLANG_WARN_INT_CONVERSION = YES;
				CLANG_WARN_NON_LITERAL_NULL_CONVERSION = YES;
				CLANG_WARN_OBJC_IMPLICIT_RETAIN_SELF = YES;
				CLANG_WARN_OBJC_LITERAL_CONVERSION = YES;
				CLANG_WARN_OBJC_ROOT_CLASS = YES_ERROR;
				CLANG_WARN_QUOTED_INCLUDE_IN_FRAMEWORK_HEADER = YES;
				CLANG_WARN_RANGE_LOOP_ANALYSIS = YES;
				CLANG_WARN_STRICT_PROTOTYPES = YES;
				CLANG_WARN_SUSPICIOUS_MOVE = YES;
				CLANG_WARN_UNGUARDED_AVAILABILITY = YES_AGGRESSIVE;
				CLANG_WARN_UNREACHABLE_CODE = YES;
				CLANG_WARN__DUPLICATE_METHOD_MATCH = YES;
				COPY_PHASE_STRIP = NO;
				DEBUG_INFORMATION_FORMAT = "dwarf-with-dsym";
				ENABLE_NS_ASSERTIONS = NO;
				ENABLE_STRICT_OBJC_MSGSEND = YES;
				GCC_C_LANGUAGE_STANDARD = gnu11;
				GCC_NO_COMMON_BLOCKS = YES;
				GCC_WARN_64_TO_32_BIT_CONVERSION = YES;
				GCC_WARN_ABOUT_RETURN_TYPE = YES_ERROR;
				GCC_WARN_UNDECLARED_SELECTOR = YES;
				GCC_WARN_UNINITIALIZED_AUTOS = YES_AGGRESSIVE;
				GCC_WARN_UNUSED_FUNCTION = YES;
				GCC_WARN_UNUSED_VARIABLE = YES;
				IPHONEOS_DEPLOYMENT_TARGET = 16.1;
				MTL_ENABLE_DEBUG_INFO = NO;
				MTL_FAST_MATH = YES;
				SDKROOT = iphoneos;
				SWIFT_COMPILATION_MODE = wholemodule;
				SWIFT_OPTIMIZATION_LEVEL = "-O";
				VALIDATE_PRODUCT = YES;
			};
			name = Release;
		};
		159E5B4229CEA1D0006898CC /* Debug */ = {
			isa = XCBuildConfiguration;
			buildSettings = {
				ASSETCATALOG_COMPILER_APPICON_NAME = AppIcon;
				ASSETCATALOG_COMPILER_GLOBAL_ACCENT_COLOR_NAME = AccentColor;
				CODE_SIGN_STYLE = Automatic;
				CURRENT_PROJECT_VERSION = 1;
				DEVELOPMENT_ASSET_PATHS = "\"EMTestTaskVenera_k/Preview Content\"";
				DEVELOPMENT_TEAM = F5YN6G2CA6;
				ENABLE_PREVIEWS = YES;
				GENERATE_INFOPLIST_FILE = YES;
				INFOPLIST_FILE = "EMTestTaskVenera-k-Info.plist";
				INFOPLIST_KEY_UIApplicationSceneManifest_Generation = YES;
				INFOPLIST_KEY_UIApplicationSupportsIndirectInputEvents = YES;
				INFOPLIST_KEY_UILaunchScreen_Generation = YES;
				INFOPLIST_KEY_UISupportedInterfaceOrientations_iPad = "UIInterfaceOrientationPortrait UIInterfaceOrientationPortraitUpsideDown UIInterfaceOrientationLandscapeLeft UIInterfaceOrientationLandscapeRight";
				INFOPLIST_KEY_UISupportedInterfaceOrientations_iPhone = "UIInterfaceOrientationPortrait UIInterfaceOrientationLandscapeLeft UIInterfaceOrientationLandscapeRight";
				LD_RUNPATH_SEARCH_PATHS = (
					"$(inherited)",
					"@executable_path/Frameworks",
				);
				MARKETING_VERSION = 1.0;
				PRODUCT_BUNDLE_IDENTIFIER = "com.vnrk.EMTestTaskVenera-k";
				PRODUCT_NAME = "$(TARGET_NAME)";
				SWIFT_EMIT_LOC_STRINGS = YES;
				SWIFT_VERSION = 5.0;
				TARGETED_DEVICE_FAMILY = "1,2";
			};
			name = Debug;
		};
		159E5B4329CEA1D0006898CC /* Release */ = {
			isa = XCBuildConfiguration;
			buildSettings = {
				ASSETCATALOG_COMPILER_APPICON_NAME = AppIcon;
				ASSETCATALOG_COMPILER_GLOBAL_ACCENT_COLOR_NAME = AccentColor;
				CODE_SIGN_STYLE = Automatic;
				CURRENT_PROJECT_VERSION = 1;
				DEVELOPMENT_ASSET_PATHS = "\"EMTestTaskVenera_k/Preview Content\"";
				DEVELOPMENT_TEAM = F5YN6G2CA6;
				ENABLE_PREVIEWS = YES;
				GENERATE_INFOPLIST_FILE = YES;
				INFOPLIST_FILE = "EMTestTaskVenera-k-Info.plist";
				INFOPLIST_KEY_UIApplicationSceneManifest_Generation = YES;
				INFOPLIST_KEY_UIApplicationSupportsIndirectInputEvents = YES;
				INFOPLIST_KEY_UILaunchScreen_Generation = YES;
				INFOPLIST_KEY_UISupportedInterfaceOrientations_iPad = "UIInterfaceOrientationPortrait UIInterfaceOrientationPortraitUpsideDown UIInterfaceOrientationLandscapeLeft UIInterfaceOrientationLandscapeRight";
				INFOPLIST_KEY_UISupportedInterfaceOrientations_iPhone = "UIInterfaceOrientationPortrait UIInterfaceOrientationLandscapeLeft UIInterfaceOrientationLandscapeRight";
				LD_RUNPATH_SEARCH_PATHS = (
					"$(inherited)",
					"@executable_path/Frameworks",
				);
				MARKETING_VERSION = 1.0;
				PRODUCT_BUNDLE_IDENTIFIER = "com.vnrk.EMTestTaskVenera-k";
				PRODUCT_NAME = "$(TARGET_NAME)";
				SWIFT_EMIT_LOC_STRINGS = YES;
				SWIFT_VERSION = 5.0;
				TARGETED_DEVICE_FAMILY = "1,2";
			};
			name = Release;
		};
/* End XCBuildConfiguration section */

/* Begin XCConfigurationList section */
		159E5B2E29CEA1CE006898CC /* Build configuration list for PBXProject "EMTestTaskVenera_k" */ = {
			isa = XCConfigurationList;
			buildConfigurations = (
				159E5B3F29CEA1D0006898CC /* Debug */,
				159E5B4029CEA1D0006898CC /* Release */,
			);
			defaultConfigurationIsVisible = 0;
			defaultConfigurationName = Release;
		};
		159E5B4129CEA1D0006898CC /* Build configuration list for PBXNativeTarget "EMTestTaskVenera_k" */ = {
			isa = XCConfigurationList;
			buildConfigurations = (
				159E5B4229CEA1D0006898CC /* Debug */,
				159E5B4329CEA1D0006898CC /* Release */,
			);
			defaultConfigurationIsVisible = 0;
			defaultConfigurationName = Release;
		};
/* End XCConfigurationList section */
	};
	rootObject = 159E5B2B29CEA1CE006898CC /* Project object */;
}
